Microsoft Visual Studio Solution File, Format Version 12.00
# Visual Studio Version 16
VisualStudioVersion = 16.0.0.0
MinimumVisualStudioVersion = 16.0.0.0
Project("{9A19103F-16F7-4668-BE54-9A1E7A4F7556}") = "DiningWheels.Server", "Server\DiningWheels.Server.csproj", "{D91D300D-0215-43F4-9696-C7ECC5FD27FC}"
EndProject
Project("{9A19103F-16F7-4668-BE54-9A1E7A4F7556}") = "DiningWheels.Client", "Client\DiningWheels.Client.csproj", "{FA0D8B32-4AB7-4276-BAE5-7923B36A4756}"
EndProject
Project("{9A19103F-16F7-4668-BE54-9A1E7A4F7556}") = "DiningWheels.Shared", "Shared\DiningWheels.Shared.csproj", "{3F5C51A2-9C47-4581-9B13-42AA1EA40668}"
EndProject
Project("{FAE04EC0-301F-11D3-BF4B-00C04F79EFBC}") = "DiningWheels.Domain", "DiningWheels.Domain\DiningWheels.Domain.csproj", "{160BBA4D-6E37-4424-AA74-676097CAB084}"
EndProject
Project("{FAE04EC0-301F-11D3-BF4B-00C04F79EFBC}") = "DiningWheels.Application", "DiningWheels.Application\DiningWheels.Application.csproj", "{A0EF7B6D-5227-48EB-83DA-6E45FE7BD893}"
EndProject
Project("{FAE04EC0-301F-11D3-BF4B-00C04F79EFBC}") = "DiningWheels.Persistance", "DiningWheels.Persistance\DiningWheels.Persistance.csproj", "{F637822A-3575-481A-8E3E-6D606F20DE63}"
EndProject
Project("{FAE04EC0-301F-11D3-BF4B-00C04F79EFBC}") = "DiningWheels.Infrastructure", "DiningWheels.Infrastructure\DiningWheels.Infrastructure.csproj", "{A5DD3B99-5C42-45D6-8056-496E72ADB576}"
EndProject
Global
	GlobalSection(SolutionConfigurationPlatforms) = preSolution
		Debug|Any CPU = Debug|Any CPU
		Debug|x64 = Debug|x64
		Debug|x86 = Debug|x86
		Release|Any CPU = Release|Any CPU
		Release|x64 = Release|x64
		Release|x86 = Release|x86
	EndGlobalSection
	GlobalSection(ProjectConfigurationPlatforms) = postSolution
		{FA0D8B32-4AB7-4276-BAE5-7923B36A4756}.Debug|Any CPU.ActiveCfg = Debug|Any CPU
		{FA0D8B32-4AB7-4276-BAE5-7923B36A4756}.Debug|Any CPU.Build.0 = Debug|Any CPU
		{FA0D8B32-4AB7-4276-BAE5-7923B36A4756}.Debug|x64.ActiveCfg = Debug|Any CPU
		{FA0D8B32-4AB7-4276-BAE5-7923B36A4756}.Debug|x64.Build.0 = Debug|Any CPU
		{FA0D8B32-4AB7-4276-BAE5-7923B36A4756}.Debug|x86.ActiveCfg = Debug|Any CPU
		{FA0D8B32-4AB7-4276-BAE5-7923B36A4756}.Debug|x86.Build.0 = Debug|Any CPU
		{FA0D8B32-4AB7-4276-BAE5-7923B36A4756}.Release|Any CPU.ActiveCfg = Release|Any CPU
		{FA0D8B32-4AB7-4276-BAE5-7923B36A4756}.Release|Any CPU.Build.0 = Release|Any CPU
		{FA0D8B32-4AB7-4276-BAE5-7923B36A4756}.Release|x64.ActiveCfg = Release|Any CPU
		{FA0D8B32-4AB7-4276-BAE5-7923B36A4756}.Release|x64.Build.0 = Release|Any CPU
		{FA0D8B32-4AB7-4276-BAE5-7923B36A4756}.Release|x86.ActiveCfg = Release|Any CPU
		{FA0D8B32-4AB7-4276-BAE5-7923B36A4756}.Release|x86.Build.0 = Release|Any CPU
		{D91D300D-0215-43F4-9696-C7ECC5FD27FC}.Debug|Any CPU.ActiveCfg = Debug|Any CPU
		{D91D300D-0215-43F4-9696-C7ECC5FD27FC}.Debug|Any CPU.Build.0 = Debug|Any CPU
		{D91D300D-0215-43F4-9696-C7ECC5FD27FC}.Debug|x64.ActiveCfg = Debug|Any CPU
		{D91D300D-0215-43F4-9696-C7ECC5FD27FC}.Debug|x64.Build.0 = Debug|Any CPU
		{D91D300D-0215-43F4-9696-C7ECC5FD27FC}.Debug|x86.ActiveCfg = Debug|Any CPU
		{D91D300D-0215-43F4-9696-C7ECC5FD27FC}.Debug|x86.Build.0 = Debug|Any CPU
		{D91D300D-0215-43F4-9696-C7ECC5FD27FC}.Release|Any CPU.ActiveCfg = Release|Any CPU
		{D91D300D-0215-43F4-9696-C7ECC5FD27FC}.Release|Any CPU.Build.0 = Release|Any CPU
		{D91D300D-0215-43F4-9696-C7ECC5FD27FC}.Release|x64.ActiveCfg = Release|Any CPU
		{D91D300D-0215-43F4-9696-C7ECC5FD27FC}.Release|x64.Build.0 = Release|Any CPU
		{D91D300D-0215-43F4-9696-C7ECC5FD27FC}.Release|x86.ActiveCfg = Release|Any CPU
		{D91D300D-0215-43F4-9696-C7ECC5FD27FC}.Release|x86.Build.0 = Release|Any CPU
		{3F5C51A2-9C47-4581-9B13-42AA1EA40668}.Debug|Any CPU.ActiveCfg = Debug|Any CPU
		{3F5C51A2-9C47-4581-9B13-42AA1EA40668}.Debug|Any CPU.Build.0 = Debug|Any CPU
		{3F5C51A2-9C47-4581-9B13-42AA1EA40668}.Debug|x64.ActiveCfg = Debug|Any CPU
		{3F5C51A2-9C47-4581-9B13-42AA1EA40668}.Debug|x64.Build.0 = Debug|Any CPU
		{3F5C51A2-9C47-4581-9B13-42AA1EA40668}.Debug|x86.ActiveCfg = Debug|Any CPU
		{3F5C51A2-9C47-4581-9B13-42AA1EA40668}.Debug|x86.Build.0 = Debug|Any CPU
		{3F5C51A2-9C47-4581-9B13-42AA1EA40668}.Release|Any CPU.ActiveCfg = Release|Any CPU
		{3F5C51A2-9C47-4581-9B13-42AA1EA40668}.Release|Any CPU.Build.0 = Release|Any CPU
		{3F5C51A2-9C47-4581-9B13-42AA1EA40668}.Release|x64.ActiveCfg = Release|Any CPU
		{3F5C51A2-9C47-4581-9B13-42AA1EA40668}.Release|x64.Build.0 = Release|Any CPU
		{3F5C51A2-9C47-4581-9B13-42AA1EA40668}.Release|x86.ActiveCfg = Release|Any CPU
		{3F5C51A2-9C47-4581-9B13-42AA1EA40668}.Release|x86.Build.0 = Release|Any CPU
		{160BBA4D-6E37-4424-AA74-676097CAB084}.Debug|Any CPU.ActiveCfg = Debug|Any CPU
		{160BBA4D-6E37-4424-AA74-676097CAB084}.Debug|Any CPU.Build.0 = Debug|Any CPU
		{160BBA4D-6E37-4424-AA74-676097CAB084}.Debug|x64.ActiveCfg = Debug|Any CPU
		{160BBA4D-6E37-4424-AA74-676097CAB084}.Debug|x64.Build.0 = Debug|Any CPU
		{160BBA4D-6E37-4424-AA74-676097CAB084}.Debug|x86.ActiveCfg = Debug|Any CPU
		{160BBA4D-6E37-4424-AA74-676097CAB084}.Debug|x86.Build.0 = Debug|Any CPU
		{160BBA4D-6E37-4424-AA74-676097CAB084}.Release|Any CPU.ActiveCfg = Release|Any CPU
		{160BBA4D-6E37-4424-AA74-676097CAB084}.Release|Any CPU.Build.0 = Release|Any CPU
		{160BBA4D-6E37-4424-AA74-676097CAB084}.Release|x64.ActiveCfg = Release|Any CPU
		{160BBA4D-6E37-4424-AA74-676097CAB084}.Release|x64.Build.0 = Release|Any CPU
		{160BBA4D-6E37-4424-AA74-676097CAB084}.Release|x86.ActiveCfg = Release|Any CPU
		{160BBA4D-6E37-4424-AA74-676097CAB084}.Release|x86.Build.0 = Release|Any CPU
		{A0EF7B6D-5227-48EB-83DA-6E45FE7BD893}.Debug|Any CPU.ActiveCfg = Debug|Any CPU
		{A0EF7B6D-5227-48EB-83DA-6E45FE7BD893}.Debug|Any CPU.Build.0 = Debug|Any CPU
		{A0EF7B6D-5227-48EB-83DA-6E45FE7BD893}.Debug|x64.ActiveCfg = Debug|Any CPU
		{A0EF7B6D-5227-48EB-83DA-6E45FE7BD893}.Debug|x64.Build.0 = Debug|Any CPU
		{A0EF7B6D-5227-48EB-83DA-6E45FE7BD893}.Debug|x86.ActiveCfg = Debug|Any CPU
		{A0EF7B6D-5227-48EB-83DA-6E45FE7BD893}.Debug|x86.Build.0 = Debug|Any CPU
		{A0EF7B6D-5227-48EB-83DA-6E45FE7BD893}.Release|Any CPU.ActiveCfg = Release|Any CPU
		{A0EF7B6D-5227-48EB-83DA-6E45FE7BD893}.Release|Any CPU.Build.0 = Release|Any CPU
		{A0EF7B6D-5227-48EB-83DA-6E45FE7BD893}.Release|x64.ActiveCfg = Release|Any CPU
		{A0EF7B6D-5227-48EB-83DA-6E45FE7BD893}.Release|x64.Build.0 = Release|Any CPU
		{A0EF7B6D-5227-48EB-83DA-6E45FE7BD893}.Release|x86.ActiveCfg = Release|Any CPU
		{A0EF7B6D-5227-48EB-83DA-6E45FE7BD893}.Release|x86.Build.0 = Release|Any CPU
		{F637822A-3575-481A-8E3E-6D606F20DE63}.Debug|Any CPU.ActiveCfg = Debug|Any CPU
		{F637822A-3575-481A-8E3E-6D606F20DE63}.Debug|Any CPU.Build.0 = Debug|Any CPU
		{F637822A-3575-481A-8E3E-6D606F20DE63}.Debug|x64.ActiveCfg = Debug|Any CPU
		{F637822A-3575-481A-8E3E-6D606F20DE63}.Debug|x64.Build.0 = Debug|Any CPU
		{F637822A-3575-481A-8E3E-6D606F20DE63}.Debug|x86.ActiveCfg = Debug|Any CPU
		{F637822A-3575-481A-8E3E-6D606F20DE63}.Debug|x86.Build.0 = Debug|Any CPU
		{F637822A-3575-481A-8E3E-6D606F20DE63}.Release|Any CPU.ActiveCfg = Release|Any CPU
		{F637822A-3575-481A-8E3E-6D606F20DE63}.Release|Any CPU.Build.0 = Release|Any CPU
		{F637822A-3575-481A-8E3E-6D606F20DE63}.Release|x64.ActiveCfg = Release|Any CPU
		{F637822A-3575-481A-8E3E-6D606F20DE63}.Release|x64.Build.0 = Release|Any CPU
		{F637822A-3575-481A-8E3E-6D606F20DE63}.Release|x86.ActiveCfg = Release|Any CPU
		{F637822A-3575-481A-8E3E-6D606F20DE63}.Release|x86.Build.0 = Release|Any CPU
		{A5DD3B99-5C42-45D6-8056-496E72ADB576}.Debug|Any CPU.ActiveCfg = Debug|Any CPU
		{A5DD3B99-5C42-45D6-8056-496E72ADB576}.Debug|Any CPU.Build.0 = Debug|Any CPU
		{A5DD3B99-5C42-45D6-8056-496E72ADB576}.Debug|x64.ActiveCfg = Debug|Any CPU
		{A5DD3B99-5C42-45D6-8056-496E72ADB576}.Debug|x64.Build.0 = Debug|Any CPU
		{A5DD3B99-5C42-45D6-8056-496E72ADB576}.Debug|x86.ActiveCfg = Debug|Any CPU
		{A5DD3B99-5C42-45D6-8056-496E72ADB576}.Debug|x86.Build.0 = Debug|Any CPU
		{A5DD3B99-5C42-45D6-8056-496E72ADB576}.Release|Any CPU.ActiveCfg = Release|Any CPU
		{A5DD3B99-5C42-45D6-8056-496E72ADB576}.Release|Any CPU.Build.0 = Release|Any CPU
		{A5DD3B99-5C42-45D6-8056-496E72ADB576}.Release|x64.ActiveCfg = Release|Any CPU
		{A5DD3B99-5C42-45D6-8056-496E72ADB576}.Release|x64.Build.0 = Release|Any CPU
		{A5DD3B99-5C42-45D6-8056-496E72ADB576}.Release|x86.ActiveCfg = Release|Any CPU
		{A5DD3B99-5C42-45D6-8056-496E72ADB576}.Release|x86.Build.0 = Release|Any CPU
	EndGlobalSection
	GlobalSection(SolutionProperties) = preSolution
		HideSolutionNode = FALSE
	EndGlobalSection
	GlobalSection(ExtensibilityGlobals) = postSolution
		SolutionGuid = {519380DB-2778-4307-8C07-705A8D1EF9EC}
	EndGlobalSection
EndGlobal
